
Microsoft Visual Studio Solution File, Format Version 12.00
# Visual Studio 14
VisualStudioVersion = 14.0.25420.1
MinimumVisualStudioVersion = 10.0.40219.1
Project("{FAE04EC0-301F-11D3-BF4B-00C04F79EFBC}") = "TomaszPrusik", "TomaszPrusik\TomaszPrusik.csproj", "{9DF37E90-15C7-4256-B601-42CDDC757FB3}"
EndProject
Project("{FAE04EC0-301F-11D3-BF4B-00C04F79EFBC}") = "DomainModel", "DomainModel\DomainModel.csproj", "{9142C82D-00EB-4F6A-96B9-9F8102667B78}"
EndProject
Global
	GlobalSection(SolutionConfigurationPlatforms) = preSolution
		Debug|Any CPU = Debug|Any CPU
		Release|Any CPU = Release|Any CPU
	EndGlobalSection
	GlobalSection(ProjectConfigurationPlatforms) = postSolution
		{9DF37E90-15C7-4256-B601-42CDDC757FB3}.Debug|Any CPU.ActiveCfg = Debug|Any CPU
		{9DF37E90-15C7-4256-B601-42CDDC757FB3}.Debug|Any CPU.Build.0 = Debug|Any CPU
		{9DF37E90-15C7-4256-B601-42CDDC757FB3}.Release|Any CPU.ActiveCfg = Release|Any CPU
		{9DF37E90-15C7-4256-B601-42CDDC757FB3}.Release|Any CPU.Build.0 = Release|Any CPU
		{9142C82D-00EB-4F6A-96B9-9F8102667B78}.Debug|Any CPU.ActiveCfg = Debug|Any CPU
		{9142C82D-00EB-4F6A-96B9-9F8102667B78}.Debug|Any CPU.Build.0 = Debug|Any CPU
		{9142C82D-00EB-4F6A-96B9-9F8102667B78}.Release|Any CPU.ActiveCfg = Release|Any CPU
		{9142C82D-00EB-4F6A-96B9-9F8102667B78}.Release|Any CPU.Build.0 = Release|Any CPU
	EndGlobalSection
	GlobalSection(SolutionProperties) = preSolution
		HideSolutionNode = FALSE
	EndGlobalSection
EndGlobal
